{
    "name": "backend",
    "version": "1.0.0",
    "lockfileVersion": 1,
    "dependencies": {
      "express": {
        "version": "4.17.1",
        "resolved": "https://registry.npmjs.org/express/-/express-4.17.1.tgz",
        "integrity": "sha512-...",
        "engines": {
          "node": ">=0.10.0"
        }
      },
      "pg": {
        "version": "8.7.1",
        "resolved": "https://registry.npmjs.org/pg/-/pg-8.7.1.tgz",
        "integrity": "sha512-...",
        "engines": {
          "node": ">=10.0.0"
        }
      }
    }
  }